# This file is generated by running "yarn install" inside your project.
# Manual changes might be lost - proceed with caution!

__metadata:
  version: 4
  cacheKey: 7

"js-tokens@npm:^3.0.0 || ^4.0.0":
  version: 4.0.0
  resolution: "js-tokens@npm:4.0.0"
  checksum: 1fc4e4667ac2d972aba65148b9cbf9c17566b2394d3504238d8492bbd3e68f496c657eab06b26b40b17db5cac0a34d153a12130e2d2d2bb6dc2cdc8a4764eb1b
  languageName: node
  linkType: hard

"loose-envify@npm:^1.1.0":
  version: 1.4.0
  resolution: "loose-envify@npm:1.4.0"
  dependencies:
    js-tokens: ^3.0.0 || ^4.0.0
  bin:
    loose-envify: cli.js
  checksum: 5c3b47bbe5f597a3889fb001a3a98aaea2a3fafa48089c19034de1e0121bf57dbee609d184478514d74d5c5a7e9cfa3d846343455e5123b060040d46c39e91dc
  languageName: node
  linkType: hard

"object-assign@npm:^4.1.1":
  version: 4.1.1
  resolution: "object-assign@npm:4.1.1"
  checksum: 66cf021898fc1b13ea573ea8635fbd5a76533f50cecbc2fcd5eee1e8029af41bcebe7023788b6d0e06cbe4401ecea075d972f78ec74467cdc571a0f1a4d1a081
  languageName: node
  linkType: hard

"package-a@workspace:packages/package-a":
  version: 0.0.0-use.local
  resolution: "package-a@workspace:packages/package-a"
  dependencies:
    react: ^17.0.1
  languageName: unknown
  linkType: soft

"package-b@workspace:packages/package-b":
  version: 0.0.0-use.local
  resolution: "package-b@workspace:packages/package-b"
  languageName: unknown
  linkType: soft

"react@npm:^17.0.1":
  version: 17.0.1
  resolution: "react@npm:17.0.1"
  dependencies:
    loose-envify: ^1.1.0
    object-assign: ^4.1.1
  checksum: a76d86ec973eb4b25a46071ac7f974adfd66ed89ad1db63043be1d976ec25417520a210e6d724b0ad937422b706afcf9962cedda9e92125992a8c0e8a95f2051
  languageName: node
  linkType: hard

"yarn-constraints-example@workspace:.":
  version: 0.0.0-use.local
  resolution: "yarn-constraints-example@workspace:."
  languageName: unknown
  linkType: soft
